
Microsoft Visual Studio Solution File, Format Version 12.00
# Visual Studio 2012
Project("{FAE04EC0-301F-11D3-BF4B-00C04F79EFBC}") = "NumberNamesKata.Test", "NumberNamesKata\NumberNamesKata.Test.csproj", "{DDF2D04B-98C0-4526-A3E9-96AB8E26D0EA}"
EndProject
Global
	GlobalSection(SolutionConfigurationPlatforms) = preSolution
		Debug|Any CPU = Debug|Any CPU
		Release|Any CPU = Release|Any CPU
	EndGlobalSection
	GlobalSection(ProjectConfigurationPlatforms) = postSolution
		{DDF2D04B-98C0-4526-A3E9-96AB8E26D0EA}.Debug|Any CPU.ActiveCfg = Debug|Any CPU
		{DDF2D04B-98C0-4526-A3E9-96AB8E26D0EA}.Debug|Any CPU.Build.0 = Debug|Any CPU
		{DDF2D04B-98C0-4526-A3E9-96AB8E26D0EA}.Release|Any CPU.ActiveCfg = Release|Any CPU
		{DDF2D04B-98C0-4526-A3E9-96AB8E26D0EA}.Release|Any CPU.Build.0 = Release|Any CPU
	EndGlobalSection
	GlobalSection(SolutionProperties) = preSolution
		HideSolutionNode = FALSE
	EndGlobalSection
EndGlobal
